
Microsoft Visual Studio Solution File, Format Version 11.00
# Visual Studio 2010
Project("{FAE04EC0-301F-11D3-BF4B-00C04F79EFBC}") = "WPFBrowserSample", "WPFBrowserSample\WPFBrowserSample.csproj", "{6525B99C-1934-4528-A100-813A7B3CE733}"
EndProject
Global
	GlobalSection(SolutionConfigurationPlatforms) = preSolution
		Debug|Any CPU = Debug|Any CPU
		Release|Any CPU = Release|Any CPU
	EndGlobalSection
	GlobalSection(ProjectConfigurationPlatforms) = postSolution
		{6525B99C-1934-4528-A100-813A7B3CE733}.Debug|Any CPU.ActiveCfg = Debug|Any CPU
		{6525B99C-1934-4528-A100-813A7B3CE733}.Debug|Any CPU.Build.0 = Debug|Any CPU
		{6525B99C-1934-4528-A100-813A7B3CE733}.Release|Any CPU.ActiveCfg = Release|Any CPU
		{6525B99C-1934-4528-A100-813A7B3CE733}.Release|Any CPU.Build.0 = Release|Any CPU
	EndGlobalSection
	GlobalSection(SolutionProperties) = preSolution
		HideSolutionNode = FALSE
	EndGlobalSection
EndGlobal
